
Microsoft Visual Studio Solution File, Format Version 12.00
# Visual Studio Version 17
VisualStudioVersion = 17.10.35122.118
MinimumVisualStudioVersion = 10.0.40219.1
Project("{FAE04EC0-301F-11D3-BF4B-00C04F79EFBC}") = "hesap makinesi", "hesap makinesi\hesap makinesi.csproj", "{BFCED097-C288-4012-9ED5-CBDAC35DCF4D}"
EndProject
Global
	GlobalSection(SolutionConfigurationPlatforms) = preSolution
		Debug|Any CPU = Debug|Any CPU
		Release|Any CPU = Release|Any CPU
	EndGlobalSection
	GlobalSection(ProjectConfigurationPlatforms) = postSolution
		{BFCED097-C288-4012-9ED5-CBDAC35DCF4D}.Debug|Any CPU.ActiveCfg = Debug|Any CPU
		{BFCED097-C288-4012-9ED5-CBDAC35DCF4D}.Debug|Any CPU.Build.0 = Debug|Any CPU
		{BFCED097-C288-4012-9ED5-CBDAC35DCF4D}.Release|Any CPU.ActiveCfg = Release|Any CPU
		{BFCED097-C288-4012-9ED5-CBDAC35DCF4D}.Release|Any CPU.Build.0 = Release|Any CPU
	EndGlobalSection
	GlobalSection(SolutionProperties) = preSolution
		HideSolutionNode = FALSE
	EndGlobalSection
	GlobalSection(ExtensibilityGlobals) = postSolution
		SolutionGuid = {E812B794-6CB8-48D9-8599-5E1180F9C18E}
	EndGlobalSection
EndGlobal
